{
  "name": "meta-cli",
  "version": "1.0.0",
  "lockfileVersion": 1,
  "requires": true,
  "dependencies": {
    "@types/node": {
      "version": "18.7.3",
      "resolved": "http://artifactory.intra.ke.com/artifactory/api/npm/npm-virtual/@types/node/-/node-18.7.3.tgz",
      "integrity": "sha1-QyyJeW6rU5t6MLe4gBpye1hSOKQ=",
      "dev": true
    },
    "typescript": {
      "version": "4.7.4",
      "resolved": "http://artifactory.intra.ke.com/artifactory/api/npm/npm-virtual/typescript/-/typescript-4.7.4.tgz",
      "integrity": "sha1-GohZbRz0fVlQehvN+1ud/k1IgjU=",
      "dev": true
    }
  }
}
